
Microsoft Visual Studio Solution File, Format Version 12.00
# Visual Studio Version 17
VisualStudioVersion = 17.5.33530.505
MinimumVisualStudioVersion = 10.0.40219.1
Project("{9A19103F-16F7-4668-BE54-9A1E7A4F7556}") = "AnonymousMethod", "AnonymousMethod\AnonymousMethod.csproj", "{7D858941-AB58-4C0B-9297-F2ED5F0DC59B}"
EndProject
Project("{9A19103F-16F7-4668-BE54-9A1E7A4F7556}") = "AnonymousMethods", "AnonymousMethods\AnonymousMethods.csproj", "{48295590-500B-445C-B7F6-9468178D4439}"
EndProject
Project("{9A19103F-16F7-4668-BE54-9A1E7A4F7556}") = "CSharpBasicsExamples", "CSharpBasicsExamples\CSharpBasicsExamples.csproj", "{9612A297-6694-421E-891E-A385A55F2790}"
EndProject
Project("{9A19103F-16F7-4668-BE54-9A1E7A4F7556}") = "AnonymousType", "AnonymousType\AnonymousType.csproj", "{7826878B-CC17-4E61-962B-7EAEA713AE8A}"
EndProject
Project("{9A19103F-16F7-4668-BE54-9A1E7A4F7556}") = "ModyfikatoryKlasy", "ModyfikatoryKlasy\ModyfikatoryKlasy.csproj", "{8A864F46-6AF7-446D-ABE0-48BAFEC9DA4F}"
EndProject
Project("{9A19103F-16F7-4668-BE54-9A1E7A4F7556}") = "ModyfikatorKlasyPublic", "ModyfikatorKlasyPublic\ModyfikatorKlasyPublic.csproj", "{E6AC540B-E883-4269-953E-533CA1805BCB}"
EndProject
Project("{9A19103F-16F7-4668-BE54-9A1E7A4F7556}") = "ModyfikatorPrivate", "ModyfikatorPrivate\ModyfikatorPrivate.csproj", "{E1C99215-098D-4CEC-A043-37CEEEBAD634}"
EndProject
Project("{9A19103F-16F7-4668-BE54-9A1E7A4F7556}") = "KlasaZKonstruktorem", "KlasaZKonstruktorem\KlasaZKonstruktorem.csproj", "{3B1E038B-6BC7-4797-B046-EBD8E83CAC30}"
EndProject
Project("{9A19103F-16F7-4668-BE54-9A1E7A4F7556}") = "KonstruktorParametryzowany", "KonstruktorParametryzowany\KonstruktorParametryzowany.csproj", "{79D3A5EC-F983-4C50-B197-665B124B853E}"
EndProject
Project("{FAE04EC0-301F-11D3-BF4B-00C04F79EFBC}") = "MetodaStatyczna", "MetodaStatyczna\MetodaStatyczna.csproj", "{24FDCE59-5FF2-4241-AEA6-11D1FF1CC7DE}"
EndProject
Project("{FAE04EC0-301F-11D3-BF4B-00C04F79EFBC}") = "PoleStatyczne", "PoleStatyczne\PoleStatyczne.csproj", "{995D9A00-31E2-429D-A624-6923A4150593}"
EndProject
Project("{FAE04EC0-301F-11D3-BF4B-00C04F79EFBC}") = "Interfejs", "Interfejs\Interfejs.csproj", "{F8855C08-EA22-4C62-B4AB-6295CCDC2F8F}"
EndProject
Project("{FAE04EC0-301F-11D3-BF4B-00C04F79EFBC}") = "DemoInterfejs", "DemoInterfejs\DemoInterfejs.csproj", "{ED57217C-AE6D-492B-B809-729CC9DE6FE8}"
EndProject
Project("{FAE04EC0-301F-11D3-BF4B-00C04F79EFBC}") = "YieldReturn", "YieldReturn\YieldReturn.csproj", "{CA1E64CF-3A54-43DE-828F-A63797E647BB}"
EndProject
Project("{FAE04EC0-301F-11D3-BF4B-00C04F79EFBC}") = "YieldBreak", "YieldBreak\YieldBreak.csproj", "{548ECA8C-5A37-4BC7-8EF7-AB64305ABE0E}"
EndProject
Project("{FAE04EC0-301F-11D3-BF4B-00C04F79EFBC}") = "YieldReturnNumbers", "YieldReturnNumbers\YieldReturnNumbers.csproj", "{CFAA2782-C7AB-483C-838C-C9EE8D9A2FA1}"
EndProject
Project("{FAE04EC0-301F-11D3-BF4B-00C04F79EFBC}") = "ExplicitlyImplementMembersOfTwoInterfaces", "ExplicitlyImplementMembersOfTwoInterfaces\ExplicitlyImplementMembersOfTwoInterfaces.csproj", "{C33CA2D9-B1B9-42FA-B185-52CA87BFB738}"
EndProject
Project("{FAE04EC0-301F-11D3-BF4B-00C04F79EFBC}") = "Dziedziczenie", "Dziedziczenie\Dziedziczenie.csproj", "{15EEFA9C-D3BB-4FF4-95F8-D4EE7C4E22D9}"
EndProject
Project("{FAE04EC0-301F-11D3-BF4B-00C04F79EFBC}") = "DziedziczenieBazowa", "DziedziczenieBazowa\DziedziczenieBazowa.csproj", "{FABF1077-31A1-4039-9A6A-6C6C2589621C}"
EndProject
Project("{FAE04EC0-301F-11D3-BF4B-00C04F79EFBC}") = "DziedziczenieInterfejsy", "DziedziczenieInterfejsy\DziedziczenieInterfejsy.csproj", "{F1FA60A2-C222-478D-9468-701A780CC0BF}"
EndProject
Project("{FAE04EC0-301F-11D3-BF4B-00C04F79EFBC}") = "BaseConstructors", "BaseConstructors\BaseConstructors.csproj", "{255AA6E7-A085-4B66-BC81-54589B7A4250}"
EndProject
Project("{FAE04EC0-301F-11D3-BF4B-00C04F79EFBC}") = "MetodaRozszerzajaca", "MetodaRozszerzajaca\MetodaRozszerzajaca.csproj", "{16ACE27F-3CE6-4EBF-BABC-0BB60C057FA5}"
EndProject
Project("{FAE04EC0-301F-11D3-BF4B-00C04F79EFBC}") = "MetodaRozszerzajacaSygnatura", "MetodaRozszerzajacaSygnatura\MetodaRozszerzajacaSygnatura.csproj", "{A422B283-5A20-4203-A716-F1C7B0CFC163}"
EndProject
Global
	GlobalSection(SolutionConfigurationPlatforms) = preSolution
		Debug|Any CPU = Debug|Any CPU
		Release|Any CPU = Release|Any CPU
	EndGlobalSection
	GlobalSection(ProjectConfigurationPlatforms) = postSolution
		{7D858941-AB58-4C0B-9297-F2ED5F0DC59B}.Debug|Any CPU.ActiveCfg = Debug|Any CPU
		{7D858941-AB58-4C0B-9297-F2ED5F0DC59B}.Debug|Any CPU.Build.0 = Debug|Any CPU
		{7D858941-AB58-4C0B-9297-F2ED5F0DC59B}.Release|Any CPU.ActiveCfg = Release|Any CPU
		{7D858941-AB58-4C0B-9297-F2ED5F0DC59B}.Release|Any CPU.Build.0 = Release|Any CPU
		{48295590-500B-445C-B7F6-9468178D4439}.Debug|Any CPU.ActiveCfg = Debug|Any CPU
		{48295590-500B-445C-B7F6-9468178D4439}.Debug|Any CPU.Build.0 = Debug|Any CPU
		{48295590-500B-445C-B7F6-9468178D4439}.Release|Any CPU.ActiveCfg = Release|Any CPU
		{48295590-500B-445C-B7F6-9468178D4439}.Release|Any CPU.Build.0 = Release|Any CPU
		{9612A297-6694-421E-891E-A385A55F2790}.Debug|Any CPU.ActiveCfg = Debug|Any CPU
		{9612A297-6694-421E-891E-A385A55F2790}.Debug|Any CPU.Build.0 = Debug|Any CPU
		{9612A297-6694-421E-891E-A385A55F2790}.Release|Any CPU.ActiveCfg = Release|Any CPU
		{9612A297-6694-421E-891E-A385A55F2790}.Release|Any CPU.Build.0 = Release|Any CPU
		{7826878B-CC17-4E61-962B-7EAEA713AE8A}.Debug|Any CPU.ActiveCfg = Debug|Any CPU
		{7826878B-CC17-4E61-962B-7EAEA713AE8A}.Debug|Any CPU.Build.0 = Debug|Any CPU
		{7826878B-CC17-4E61-962B-7EAEA713AE8A}.Release|Any CPU.ActiveCfg = Release|Any CPU
		{7826878B-CC17-4E61-962B-7EAEA713AE8A}.Release|Any CPU.Build.0 = Release|Any CPU
		{8A864F46-6AF7-446D-ABE0-48BAFEC9DA4F}.Debug|Any CPU.ActiveCfg = Debug|Any CPU
		{8A864F46-6AF7-446D-ABE0-48BAFEC9DA4F}.Debug|Any CPU.Build.0 = Debug|Any CPU
		{8A864F46-6AF7-446D-ABE0-48BAFEC9DA4F}.Release|Any CPU.ActiveCfg = Release|Any CPU
		{8A864F46-6AF7-446D-ABE0-48BAFEC9DA4F}.Release|Any CPU.Build.0 = Release|Any CPU
		{E6AC540B-E883-4269-953E-533CA1805BCB}.Debug|Any CPU.ActiveCfg = Debug|Any CPU
		{E6AC540B-E883-4269-953E-533CA1805BCB}.Debug|Any CPU.Build.0 = Debug|Any CPU
		{E6AC540B-E883-4269-953E-533CA1805BCB}.Release|Any CPU.ActiveCfg = Release|Any CPU
		{E6AC540B-E883-4269-953E-533CA1805BCB}.Release|Any CPU.Build.0 = Release|Any CPU
		{E1C99215-098D-4CEC-A043-37CEEEBAD634}.Debug|Any CPU.ActiveCfg = Debug|Any CPU
		{E1C99215-098D-4CEC-A043-37CEEEBAD634}.Debug|Any CPU.Build.0 = Debug|Any CPU
		{E1C99215-098D-4CEC-A043-37CEEEBAD634}.Release|Any CPU.ActiveCfg = Release|Any CPU
		{E1C99215-098D-4CEC-A043-37CEEEBAD634}.Release|Any CPU.Build.0 = Release|Any CPU
		{3B1E038B-6BC7-4797-B046-EBD8E83CAC30}.Debug|Any CPU.ActiveCfg = Debug|Any CPU
		{3B1E038B-6BC7-4797-B046-EBD8E83CAC30}.Debug|Any CPU.Build.0 = Debug|Any CPU
		{3B1E038B-6BC7-4797-B046-EBD8E83CAC30}.Release|Any CPU.ActiveCfg = Release|Any CPU
		{3B1E038B-6BC7-4797-B046-EBD8E83CAC30}.Release|Any CPU.Build.0 = Release|Any CPU
		{79D3A5EC-F983-4C50-B197-665B124B853E}.Debug|Any CPU.ActiveCfg = Debug|Any CPU
		{79D3A5EC-F983-4C50-B197-665B124B853E}.Debug|Any CPU.Build.0 = Debug|Any CPU
		{79D3A5EC-F983-4C50-B197-665B124B853E}.Release|Any CPU.ActiveCfg = Release|Any CPU
		{79D3A5EC-F983-4C50-B197-665B124B853E}.Release|Any CPU.Build.0 = Release|Any CPU
		{24FDCE59-5FF2-4241-AEA6-11D1FF1CC7DE}.Debug|Any CPU.ActiveCfg = Debug|Any CPU
		{24FDCE59-5FF2-4241-AEA6-11D1FF1CC7DE}.Debug|Any CPU.Build.0 = Debug|Any CPU
		{24FDCE59-5FF2-4241-AEA6-11D1FF1CC7DE}.Release|Any CPU.ActiveCfg = Release|Any CPU
		{24FDCE59-5FF2-4241-AEA6-11D1FF1CC7DE}.Release|Any CPU.Build.0 = Release|Any CPU
		{995D9A00-31E2-429D-A624-6923A4150593}.Debug|Any CPU.ActiveCfg = Debug|Any CPU
		{995D9A00-31E2-429D-A624-6923A4150593}.Debug|Any CPU.Build.0 = Debug|Any CPU
		{995D9A00-31E2-429D-A624-6923A4150593}.Release|Any CPU.ActiveCfg = Release|Any CPU
		{995D9A00-31E2-429D-A624-6923A4150593}.Release|Any CPU.Build.0 = Release|Any CPU
		{F8855C08-EA22-4C62-B4AB-6295CCDC2F8F}.Debug|Any CPU.ActiveCfg = Debug|Any CPU
		{F8855C08-EA22-4C62-B4AB-6295CCDC2F8F}.Debug|Any CPU.Build.0 = Debug|Any CPU
		{F8855C08-EA22-4C62-B4AB-6295CCDC2F8F}.Release|Any CPU.ActiveCfg = Release|Any CPU
		{F8855C08-EA22-4C62-B4AB-6295CCDC2F8F}.Release|Any CPU.Build.0 = Release|Any CPU
		{ED57217C-AE6D-492B-B809-729CC9DE6FE8}.Debug|Any CPU.ActiveCfg = Debug|Any CPU
		{ED57217C-AE6D-492B-B809-729CC9DE6FE8}.Debug|Any CPU.Build.0 = Debug|Any CPU
		{ED57217C-AE6D-492B-B809-729CC9DE6FE8}.Release|Any CPU.ActiveCfg = Release|Any CPU
		{ED57217C-AE6D-492B-B809-729CC9DE6FE8}.Release|Any CPU.Build.0 = Release|Any CPU
		{CA1E64CF-3A54-43DE-828F-A63797E647BB}.Debug|Any CPU.ActiveCfg = Debug|Any CPU
		{CA1E64CF-3A54-43DE-828F-A63797E647BB}.Debug|Any CPU.Build.0 = Debug|Any CPU
		{CA1E64CF-3A54-43DE-828F-A63797E647BB}.Release|Any CPU.ActiveCfg = Release|Any CPU
		{CA1E64CF-3A54-43DE-828F-A63797E647BB}.Release|Any CPU.Build.0 = Release|Any CPU
		{548ECA8C-5A37-4BC7-8EF7-AB64305ABE0E}.Debug|Any CPU.ActiveCfg = Debug|Any CPU
		{548ECA8C-5A37-4BC7-8EF7-AB64305ABE0E}.Debug|Any CPU.Build.0 = Debug|Any CPU
		{548ECA8C-5A37-4BC7-8EF7-AB64305ABE0E}.Release|Any CPU.ActiveCfg = Release|Any CPU
		{548ECA8C-5A37-4BC7-8EF7-AB64305ABE0E}.Release|Any CPU.Build.0 = Release|Any CPU
		{CFAA2782-C7AB-483C-838C-C9EE8D9A2FA1}.Debug|Any CPU.ActiveCfg = Debug|Any CPU
		{CFAA2782-C7AB-483C-838C-C9EE8D9A2FA1}.Debug|Any CPU.Build.0 = Debug|Any CPU
		{CFAA2782-C7AB-483C-838C-C9EE8D9A2FA1}.Release|Any CPU.ActiveCfg = Release|Any CPU
		{CFAA2782-C7AB-483C-838C-C9EE8D9A2FA1}.Release|Any CPU.Build.0 = Release|Any CPU
		{C33CA2D9-B1B9-42FA-B185-52CA87BFB738}.Debug|Any CPU.ActiveCfg = Debug|Any CPU
		{C33CA2D9-B1B9-42FA-B185-52CA87BFB738}.Debug|Any CPU.Build.0 = Debug|Any CPU
		{C33CA2D9-B1B9-42FA-B185-52CA87BFB738}.Release|Any CPU.ActiveCfg = Release|Any CPU
		{C33CA2D9-B1B9-42FA-B185-52CA87BFB738}.Release|Any CPU.Build.0 = Release|Any CPU
		{15EEFA9C-D3BB-4FF4-95F8-D4EE7C4E22D9}.Debug|Any CPU.ActiveCfg = Debug|Any CPU
		{15EEFA9C-D3BB-4FF4-95F8-D4EE7C4E22D9}.Debug|Any CPU.Build.0 = Debug|Any CPU
		{15EEFA9C-D3BB-4FF4-95F8-D4EE7C4E22D9}.Release|Any CPU.ActiveCfg = Release|Any CPU
		{15EEFA9C-D3BB-4FF4-95F8-D4EE7C4E22D9}.Release|Any CPU.Build.0 = Release|Any CPU
		{FABF1077-31A1-4039-9A6A-6C6C2589621C}.Debug|Any CPU.ActiveCfg = Debug|Any CPU
		{FABF1077-31A1-4039-9A6A-6C6C2589621C}.Debug|Any CPU.Build.0 = Debug|Any CPU
		{FABF1077-31A1-4039-9A6A-6C6C2589621C}.Release|Any CPU.ActiveCfg = Release|Any CPU
		{FABF1077-31A1-4039-9A6A-6C6C2589621C}.Release|Any CPU.Build.0 = Release|Any CPU
		{F1FA60A2-C222-478D-9468-701A780CC0BF}.Debug|Any CPU.ActiveCfg = Debug|Any CPU
		{F1FA60A2-C222-478D-9468-701A780CC0BF}.Debug|Any CPU.Build.0 = Debug|Any CPU
		{F1FA60A2-C222-478D-9468-701A780CC0BF}.Release|Any CPU.ActiveCfg = Release|Any CPU
		{F1FA60A2-C222-478D-9468-701A780CC0BF}.Release|Any CPU.Build.0 = Release|Any CPU
		{255AA6E7-A085-4B66-BC81-54589B7A4250}.Debug|Any CPU.ActiveCfg = Debug|Any CPU
		{255AA6E7-A085-4B66-BC81-54589B7A4250}.Debug|Any CPU.Build.0 = Debug|Any CPU
		{255AA6E7-A085-4B66-BC81-54589B7A4250}.Release|Any CPU.ActiveCfg = Release|Any CPU
		{255AA6E7-A085-4B66-BC81-54589B7A4250}.Release|Any CPU.Build.0 = Release|Any CPU
		{16ACE27F-3CE6-4EBF-BABC-0BB60C057FA5}.Debug|Any CPU.ActiveCfg = Debug|Any CPU
		{16ACE27F-3CE6-4EBF-BABC-0BB60C057FA5}.Debug|Any CPU.Build.0 = Debug|Any CPU
		{16ACE27F-3CE6-4EBF-BABC-0BB60C057FA5}.Release|Any CPU.ActiveCfg = Release|Any CPU
		{16ACE27F-3CE6-4EBF-BABC-0BB60C057FA5}.Release|Any CPU.Build.0 = Release|Any CPU
		{A422B283-5A20-4203-A716-F1C7B0CFC163}.Debug|Any CPU.ActiveCfg = Debug|Any CPU
		{A422B283-5A20-4203-A716-F1C7B0CFC163}.Debug|Any CPU.Build.0 = Debug|Any CPU
		{A422B283-5A20-4203-A716-F1C7B0CFC163}.Release|Any CPU.ActiveCfg = Release|Any CPU
		{A422B283-5A20-4203-A716-F1C7B0CFC163}.Release|Any CPU.Build.0 = Release|Any CPU
	EndGlobalSection
	GlobalSection(SolutionProperties) = preSolution
		HideSolutionNode = FALSE
	EndGlobalSection
	GlobalSection(ExtensibilityGlobals) = postSolution
		SolutionGuid = {ACAD273C-5B4B-435C-A612-F4A95CCE628F}
	EndGlobalSection
EndGlobal
