
Microsoft Visual Studio Solution File, Format Version 12.00
# Visual Studio Version 17
VisualStudioVersion = 17.5.33530.505
MinimumVisualStudioVersion = 10.0.40219.1
Project("{FAE04EC0-301F-11D3-BF4B-00C04F79EFBC}") = "CSharpBasicsExamples", "CSharpFundamentals\CSharpBasicsExamples.csproj", "{AECABCF0-69B6-42CB-B2BF-E751767CAD85}"
EndProject
Project("{FAE04EC0-301F-11D3-BF4B-00C04F79EFBC}") = "AnonymousMethod", "AnonymousMethod\AnonymousMethod.csproj", "{7D858941-AB58-4C0B-9297-F2ED5F0DC59B}"
EndProject
Global
	GlobalSection(SolutionConfigurationPlatforms) = preSolution
		Debug|Any CPU = Debug|Any CPU
		Release|Any CPU = Release|Any CPU
	EndGlobalSection
	GlobalSection(ProjectConfigurationPlatforms) = postSolution
		{AECABCF0-69B6-42CB-B2BF-E751767CAD85}.Debug|Any CPU.ActiveCfg = Debug|Any CPU
		{AECABCF0-69B6-42CB-B2BF-E751767CAD85}.Debug|Any CPU.Build.0 = Debug|Any CPU
		{AECABCF0-69B6-42CB-B2BF-E751767CAD85}.Release|Any CPU.ActiveCfg = Release|Any CPU
		{AECABCF0-69B6-42CB-B2BF-E751767CAD85}.Release|Any CPU.Build.0 = Release|Any CPU
		{7D858941-AB58-4C0B-9297-F2ED5F0DC59B}.Debug|Any CPU.ActiveCfg = Debug|Any CPU
		{7D858941-AB58-4C0B-9297-F2ED5F0DC59B}.Debug|Any CPU.Build.0 = Debug|Any CPU
		{7D858941-AB58-4C0B-9297-F2ED5F0DC59B}.Release|Any CPU.ActiveCfg = Release|Any CPU
		{7D858941-AB58-4C0B-9297-F2ED5F0DC59B}.Release|Any CPU.Build.0 = Release|Any CPU
	EndGlobalSection
	GlobalSection(SolutionProperties) = preSolution
		HideSolutionNode = FALSE
	EndGlobalSection
	GlobalSection(ExtensibilityGlobals) = postSolution
		SolutionGuid = {ACAD273C-5B4B-435C-A612-F4A95CCE628F}
	EndGlobalSection
EndGlobal
